
Microsoft Visual Studio Solution File, Format Version 12.00
# Visual Studio 15
VisualStudioVersion = 15.0.27004.2005
MinimumVisualStudioVersion = 10.0.40219.1
Project("{FAE04EC0-301F-11D3-BF4B-00C04F79EFBC}") = "Incident Tracker Tool", "SummaryGenerator\Incident Tracker Tool.csproj", "{2637613C-0219-45BE-898D-60BCFF92ABB4}"
EndProject
Global
	GlobalSection(SolutionConfigurationPlatforms) = preSolution
		Debug|Any CPU = Debug|Any CPU
		Release|Any CPU = Release|Any CPU
	EndGlobalSection
	GlobalSection(ProjectConfigurationPlatforms) = postSolution
		{2637613C-0219-45BE-898D-60BCFF92ABB4}.Debug|Any CPU.ActiveCfg = Debug|Any CPU
		{2637613C-0219-45BE-898D-60BCFF92ABB4}.Debug|Any CPU.Build.0 = Debug|Any CPU
		{2637613C-0219-45BE-898D-60BCFF92ABB4}.Release|Any CPU.ActiveCfg = Release|Any CPU
		{2637613C-0219-45BE-898D-60BCFF92ABB4}.Release|Any CPU.Build.0 = Release|Any CPU
	EndGlobalSection
	GlobalSection(SolutionProperties) = preSolution
		HideSolutionNode = FALSE
	EndGlobalSection
	GlobalSection(ExtensibilityGlobals) = postSolution
		SolutionGuid = {082BB71A-29AE-48F9-B837-41290FA6C51F}
	EndGlobalSection
EndGlobal
